
Microsoft Visual Studio Solution File, Format Version 12.00
# Visual Studio 2012
Project("{FAE04EC0-301F-11D3-BF4B-00C04F79EFBC}") = "Simple-Mapi", "src\Mapi\Simple-Mapi.csproj", "{32F7B95D-10A0-4A0A-AF04-DFB1CA7C7E43}"
EndProject
Project("{FAE04EC0-301F-11D3-BF4B-00C04F79EFBC}") = "Console-Demo", "src\Demos\Console-Demo\Console-Demo.csproj", "{3C2D628F-1F61-40EE-86CA-A8B0CD6E8438}"
EndProject
Global
	GlobalSection(SolutionConfigurationPlatforms) = preSolution
		Debug|Any CPU = Debug|Any CPU
		Release|Any CPU = Release|Any CPU
		Debug|x86 = Debug|x86
		Release|x86 = Release|x86
	EndGlobalSection
	GlobalSection(ProjectConfigurationPlatforms) = postSolution
		{32F7B95D-10A0-4A0A-AF04-DFB1CA7C7E43}.Debug|Any CPU.ActiveCfg = Debug|Any CPU
		{32F7B95D-10A0-4A0A-AF04-DFB1CA7C7E43}.Debug|Any CPU.Build.0 = Debug|Any CPU
		{32F7B95D-10A0-4A0A-AF04-DFB1CA7C7E43}.Release|Any CPU.ActiveCfg = Release|Any CPU
		{32F7B95D-10A0-4A0A-AF04-DFB1CA7C7E43}.Release|Any CPU.Build.0 = Release|Any CPU
		{32F7B95D-10A0-4A0A-AF04-DFB1CA7C7E43}.Debug|x86.ActiveCfg = Debug|Any CPU
		{32F7B95D-10A0-4A0A-AF04-DFB1CA7C7E43}.Debug|x86.Build.0 = Debug|Any CPU
		{32F7B95D-10A0-4A0A-AF04-DFB1CA7C7E43}.Release|x86.ActiveCfg = Release|Any CPU
		{32F7B95D-10A0-4A0A-AF04-DFB1CA7C7E43}.Release|x86.Build.0 = Release|Any CPU
		{3C2D628F-1F61-40EE-86CA-A8B0CD6E8438}.Debug|Any CPU.ActiveCfg = Debug|x86
		{3C2D628F-1F61-40EE-86CA-A8B0CD6E8438}.Debug|Any CPU.Build.0 = Debug|x86
		{3C2D628F-1F61-40EE-86CA-A8B0CD6E8438}.Release|Any CPU.ActiveCfg = Release|x86
		{3C2D628F-1F61-40EE-86CA-A8B0CD6E8438}.Release|Any CPU.Build.0 = Release|x86
		{3C2D628F-1F61-40EE-86CA-A8B0CD6E8438}.Debug|x86.ActiveCfg = Debug|x86
		{3C2D628F-1F61-40EE-86CA-A8B0CD6E8438}.Debug|x86.Build.0 = Debug|x86
		{3C2D628F-1F61-40EE-86CA-A8B0CD6E8438}.Release|x86.ActiveCfg = Release|x86
		{3C2D628F-1F61-40EE-86CA-A8B0CD6E8438}.Release|x86.Build.0 = Release|x86
	EndGlobalSection
	GlobalSection(MonoDevelopProperties) = preSolution
		Policies = $0
		$0.DotNetNamingPolicy = $1
		$1.DirectoryNamespaceAssociation = PrefixedHierarchical
		description = A .NET wrapper around Simple MAPI - a set of functions and related data structures to add messaging functionality to Windows-based apps
		version = 1.0.1
	EndGlobalSection
EndGlobal
