Microsoft Visual Studio Solution File, Format Version 7.00
Project("{FAE04EC0-301F-11D3-BF4B-00C04F79EFBC}") = "SimpleMAPIdotNET", "SimpleMAPIdotNET.csproj", "{BB4A9C63-49BE-4BB9-B279-1131189AC400}"
EndProject
Global
	GlobalSection(SolutionConfiguration) = preSolution
		ConfigName.0 = Debug
		ConfigName.1 = Release
	EndGlobalSection
	GlobalSection(ProjectDependencies) = postSolution
	EndGlobalSection
	GlobalSection(ProjectConfiguration) = postSolution
		{BB4A9C63-49BE-4BB9-B279-1131189AC400}.Debug.ActiveCfg = Debug|.NET
		{BB4A9C63-49BE-4BB9-B279-1131189AC400}.Debug.Build.0 = Debug|.NET
		{BB4A9C63-49BE-4BB9-B279-1131189AC400}.Release.ActiveCfg = Release|.NET
		{BB4A9C63-49BE-4BB9-B279-1131189AC400}.Release.Build.0 = Release|.NET
	EndGlobalSection
	GlobalSection(ExtensibilityGlobals) = postSolution
	EndGlobalSection
	GlobalSection(ExtensibilityAddIns) = postSolution
	EndGlobalSection
EndGlobal
